PODS:
  - BitmovinAnalyticsCollector/BitmovinPlayer (3.7.0):
    - BitmovinAnalyticsCollector/Core
    - BitmovinPlayerCore (~> 3.48)
  - BitmovinAnalyticsCollector/Core (3.7.0)
  - BitmovinPlayer (3.63.0):
    - BitmovinAnalyticsCollector/BitmovinPlayer (~> 3.0)
    - BitmovinPlayerCore (= 3.63.0)
  - BitmovinPlayerCore (3.63.0)
  - FittedSheets (2.6.1)
  - HotMicMediaPlayer (7.0.1):
    - BitmovinPlayer (= 3.63.0)
    - FittedSheets (= 2.6.1)
    - Kingfisher (= 7.11.0)
    - Kronos (= 4.3.0)
    - OTXCFramework (= 2.27.3)
    - PubNubSwift (= 7.2.1)
  - Kingfisher (7.11.0)
  - Kronos (4.3.0)
  - OTXCFramework (2.27.3)
  - PubNubSwift (7.2.1)

DEPENDENCIES:
  - HotMicMediaPlayer (from `../`)

SPEC REPOS:
  https://github.com/bitmovin/cocoapod-specs.git:
    - BitmovinAnalyticsCollector
    - BitmovinPlayer
    - BitmovinPlayerCore
  trunk:
    - FittedSheets
    - Kingfisher
    - Kronos
    - OTXCFramework
    - PubNubSwift

EXTERNAL SOURCES:
  HotMicMediaPlayer:
    :path: "../"

SPEC CHECKSUMS:
  BitmovinAnalyticsCollector: bbd82c0b8e11aefacd8e53b6e40c62f2cba6f3f5
  BitmovinPlayer: f697e7c11554ee45e7f42f824359a4e9ebc81e0e
  BitmovinPlayerCore: f50c383ea03927fadbdf85b585916461975192e3
  FittedSheets: 37e35f105c531f3845075f1788dd8517a35315c4
  HotMicMediaPlayer: dc80ec6e1797c058fadd2689a3529439d51cbbc7
  Kingfisher: b9c985d864d43515f404f1ef4a8ce7d802ace3ac
  Kronos: a1a15fb5bb0f7a79591bfcdd5d1863a922c5c03e
  OTXCFramework: fd1f5c402e4e58c25b0550238e46fe215a4e7dfd
  PubNubSwift: d03550e1c8533886b5d5c4f7caa08119aa5dbf46

PODFILE CHECKSUM: 3d37216af0fb9a021b68fcc5808c879bf42254e3

COCOAPODS: 1.14.2
