{
  "pins" : [
    {
      "identity" : "localconsole",
      "kind" : "remoteSourceControl",
      "location" : "https://github.com/duraidabdul/LocalConsole/",
      "state" : {
        "revision" : "74556927bef798a80a81994d2aefce23dde99951",
        "version" : "1.10.4"
      }
    }
  ],
  "version" : 2
}
