{
  "pins" : [
    {
      "identity" : "localconsole",
      "kind" : "remoteSourceControl",
      "location" : "https://github.com/duraidabdul/LocalConsole/",
      "state" : {
        "revision" : "80e0aa6168d55407c87e403931957d4eaea41f8a",
        "version" : "1.11.2"
      }
    }
  ],
  "version" : 2
}
