{
  "pins" : [
    {
      "identity" : "localconsole",
      "kind" : "remoteSourceControl",
      "location" : "https://github.com/duraidabdul/LocalConsole/",
      "state" : {
        "revision" : "1dcb6e3a5777801039f65acfd2384183e0630851",
        "version" : "1.11.1"
      }
    }
  ],
  "version" : 2
}
